
Microsoft Visual Studio Solution File, Format Version 12.00
# Visual Studio 14
VisualStudioVersion = 14.0.25420.1
MinimumVisualStudioVersion = 10.0.40219.1
Project("{FAE04EC0-301F-11D3-BF4B-00C04F79EFBC}") = "RentCar.Core", "RentCar.Core\RentCar.Core.csproj", "{7D23E6AC-4D93-4A44-89A9-D2E4B3072DBF}"
EndProject
Project("{FAE04EC0-301F-11D3-BF4B-00C04F79EFBC}") = "RentCar.UI", "RentCar.UI\RentCar.UI.csproj", "{BD9E4694-32D1-4199-84DF-B6BAF1096FE3}"
EndProject
Project("{FAE04EC0-301F-11D3-BF4B-00C04F79EFBC}") = "RentCar.Test", "RentCar.Test\RentCar.Test.csproj", "{C2B44F16-2B88-412A-8F36-3030C29BE968}"
EndProject
Project("{FAE04EC0-301F-11D3-BF4B-00C04F79EFBC}") = "RentCar.Infrastructure", "RentCar.Infrastructure\RentCar.Infrastructure.csproj", "{882EB784-1A39-4A29-9DAF-3FA7EA0EB3EA}"
EndProject
Project("{2150E333-8FDC-42A3-9474-1A3956D46DE8}") = "database_script", "database_script", "{0A8EA038-772F-4489-8803-DDEBF65C6D69}"
	ProjectSection(SolutionItems) = preProject
		script.sql = script.sql
	EndProjectSection
EndProject
Global
	GlobalSection(SolutionConfigurationPlatforms) = preSolution
		Debug|Any CPU = Debug|Any CPU
		Release|Any CPU = Release|Any CPU
	EndGlobalSection
	GlobalSection(ProjectConfigurationPlatforms) = postSolution
		{7D23E6AC-4D93-4A44-89A9-D2E4B3072DBF}.Debug|Any CPU.ActiveCfg = Debug|Any CPU
		{7D23E6AC-4D93-4A44-89A9-D2E4B3072DBF}.Debug|Any CPU.Build.0 = Debug|Any CPU
		{7D23E6AC-4D93-4A44-89A9-D2E4B3072DBF}.Release|Any CPU.ActiveCfg = Release|Any CPU
		{7D23E6AC-4D93-4A44-89A9-D2E4B3072DBF}.Release|Any CPU.Build.0 = Release|Any CPU
		{BD9E4694-32D1-4199-84DF-B6BAF1096FE3}.Debug|Any CPU.ActiveCfg = Debug|Any CPU
		{BD9E4694-32D1-4199-84DF-B6BAF1096FE3}.Debug|Any CPU.Build.0 = Debug|Any CPU
		{BD9E4694-32D1-4199-84DF-B6BAF1096FE3}.Release|Any CPU.ActiveCfg = Release|Any CPU
		{BD9E4694-32D1-4199-84DF-B6BAF1096FE3}.Release|Any CPU.Build.0 = Release|Any CPU
		{C2B44F16-2B88-412A-8F36-3030C29BE968}.Debug|Any CPU.ActiveCfg = Debug|Any CPU
		{C2B44F16-2B88-412A-8F36-3030C29BE968}.Debug|Any CPU.Build.0 = Debug|Any CPU
		{C2B44F16-2B88-412A-8F36-3030C29BE968}.Release|Any CPU.ActiveCfg = Release|Any CPU
		{C2B44F16-2B88-412A-8F36-3030C29BE968}.Release|Any CPU.Build.0 = Release|Any CPU
		{882EB784-1A39-4A29-9DAF-3FA7EA0EB3EA}.Debug|Any CPU.ActiveCfg = Debug|Any CPU
		{882EB784-1A39-4A29-9DAF-3FA7EA0EB3EA}.Debug|Any CPU.Build.0 = Debug|Any CPU
		{882EB784-1A39-4A29-9DAF-3FA7EA0EB3EA}.Release|Any CPU.ActiveCfg = Release|Any CPU
		{882EB784-1A39-4A29-9DAF-3FA7EA0EB3EA}.Release|Any CPU.Build.0 = Release|Any CPU
	EndGlobalSection
	GlobalSection(SolutionProperties) = preSolution
		HideSolutionNode = FALSE
	EndGlobalSection
	GlobalSection(ExtensibilityGlobals) = postSolution
		SolutionGuid = {E0DEC1A7-9B3F-452F-87BE-3F56DE6DEDBB}
	EndGlobalSection
EndGlobal
